// !$*UTF8*$!
{
	archiveVersion = 1;
	classes = {
	};
	objectVersion = 56;
	objects = {

/* Begin PBXBuildFile section */
		1EB0A8002C17919C0015DFBB /* AppDelegate.swift in Sources */ = {isa = PBXBuildFile; fileRef = 1EB0A7FF2C17919C0015DFBB /* AppDelegate.swift */; };
		1EB0A8022C17919C0015DFBB /* SceneDelegate.swift in Sources */ = {isa = PBXBuildFile; fileRef = 1EB0A8012C17919C0015DFBB /* SceneDelegate.swift */; };
		1EB0A8042C17919C0015DFBB /* ViewController.swift in Sources */ = {isa = PBXBuildFile; fileRef = 1EB0A8032C17919C0015DFBB /* ViewController.swift */; };
		1EB0A8072C17919C0015DFBB /* Base in Resources */ = {isa = PBXBuildFile; fileRef = 1EB0A8062C17919C0015DFBB /* Base */; };
		1EB0A8092C17919F0015DFBB /* Assets.xcassets in Resources */ = {isa = PBXBuildFile; fileRef = 1EB0A8082C17919F0015DFBB /* Assets.xcassets */; };
		1EB0A80C2C17919F0015DFBB /* Base in Resources */ = {isa = PBXBuildFile; fileRef = 1EB0A80B2C17919F0015DFBB /* Base */; };
		1EB0A81E2C1791EF0015DFBB /* nssl0033.jpg in Resources */ = {isa = PBXBuildFile; fileRef = 1EB0A8132C1791EF0015DFBB /* nssl0033.jpg */; };
		1EB0A81F2C1791EF0015DFBB /* nssl0034.jpg in Resources */ = {isa = PBXBuildFile; fileRef = 1EB0A8142C1791EF0015DFBB /* nssl0034.jpg */; };
		1EB0A8202C1791EF0015DFBB /* nssl0041.jpg in Resources */ = {isa = PBXBuildFile; fileRef = 1EB0A8152C1791EF0015DFBB /* nssl0041.jpg */; };
		1EB0A8212C1791EF0015DFBB /* nssl0042.jpg in Resources */ = {isa = PBXBuildFile; fileRef = 1EB0A8162C1791EF0015DFBB /* nssl0042.jpg */; };
		1EB0A8222C1791EF0015DFBB /* nssl0043.jpg in Resources */ = {isa = PBXBuildFile; fileRef = 1EB0A8172C1791EF0015DFBB /* nssl0043.jpg */; };
		1EB0A8232C1791EF0015DFBB /* nssl0045.jpg in Resources */ = {isa = PBXBuildFile; fileRef = 1EB0A8182C1791EF0015DFBB /* nssl0045.jpg */; };
		1EB0A8242C1791EF0015DFBB /* nssl0046.jpg in Resources */ = {isa = PBXBuildFile; fileRef = 1EB0A8192C1791EF0015DFBB /* nssl0046.jpg */; };
		1EB0A8252C1791EF0015DFBB /* nssl0049.jpg in Resources */ = {isa = PBXBuildFile; fileRef = 1EB0A81A2C1791EF0015DFBB /* nssl0049.jpg */; };
		1EB0A8262C1791EF0015DFBB /* nssl0051.jpg in Resources */ = {isa = PBXBuildFile; fileRef = 1EB0A81B2C1791EF0015DFBB /* nssl0051.jpg */; };
		1EB0A8272C1791EF0015DFBB /* nssl0091.jpg in Resources */ = {isa = PBXBuildFile; fileRef = 1EB0A81C2C1791EF0015DFBB /* nssl0091.jpg */; };
		1EB0A8292C1796820015DFBB /* DetailViewController.swift in Sources */ = {isa = PBXBuildFile; fileRef = 1EB0A8282C1796820015DFBB /* DetailViewController.swift */; };
/* End PBXBuildFile section */

/* Begin PBXFileReference section */
		1EB0A7FC2C17919C0015DFBB /* hws-01.app */ = {isa = PBXFileReference; explicitFileType = wrapper.application; includeInIndex = 0; path = "hws-01.app"; sourceTree = BUILT_PRODUCTS_DIR; };
		1EB0A7FF2C17919C0015DFBB /* AppDelegate.swift */ = {isa = PBXFileReference; lastKnownFileType = sourcecode.swift; path = AppDelegate.swift; sourceTree = "<group>"; };
		1EB0A8012C17919C0015DFBB /* SceneDelegate.swift */ = {isa = PBXFileReference; lastKnownFileType = sourcecode.swift; path = SceneDelegate.swift; sourceTree = "<group>"; };
		1EB0A8032C17919C0015DFBB /* ViewController.swift */ = {isa = PBXFileReference; lastKnownFileType = sourcecode.swift; path = ViewController.swift; sourceTree = "<group>"; };
		1EB0A8062C17919C0015DFBB /* Base */ = {isa = PBXFileReference; lastKnownFileType = file.storyboard; name = Base; path = Base.lproj/Main.storyboard; sourceTree = "<group>"; };
		1EB0A8082C17919F0015DFBB /* Assets.xcassets */ = {isa = PBXFileReference; lastKnownFileType = folder.assetcatalog; path = Assets.xcassets; sourceTree = "<group>"; };
		1EB0A80B2C17919F0015DFBB /* Base */ = {isa = PBXFileReference; lastKnownFileType = file.storyboard; name = Base; path = Base.lproj/LaunchScreen.storyboard; sourceTree = "<group>"; };
		1EB0A80D2C17919F0015DFBB /* Info.plist */ = {isa = PBXFileReference; lastKnownFileType = text.plist.xml; path = Info.plist; sourceTree = "<group>"; };
		1EB0A8132C1791EF0015DFBB /* nssl0033.jpg */ = {isa = PBXFileReference; lastKnownFileType = image.jpeg; path = nssl0033.jpg; sourceTree = "<group>"; };
		1EB0A8142C1791EF0015DFBB /* nssl0034.jpg */ = {isa = PBXFileReference; lastKnownFileType = image.jpeg; path = nssl0034.jpg; sourceTree = "<group>"; };
		1EB0A8152C1791EF0015DFBB /* nssl0041.jpg */ = {isa = PBXFileReference; lastKnownFileType = image.jpeg; path = nssl0041.jpg; sourceTree = "<group>"; };
		1EB0A8162C1791EF0015DFBB /* nssl0042.jpg */ = {isa = PBXFileReference; lastKnownFileType = image.jpeg; path = nssl0042.jpg; sourceTree = "<group>"; };
		1EB0A8172C1791EF0015DFBB /* nssl0043.jpg */ = {isa = PBXFileReference; lastKnownFileType = image.jpeg; path = nssl0043.jpg; sourceTree = "<group>"; };
		1EB0A8182C1791EF0015DFBB /* nssl0045.jpg */ = {isa = PBXFileReference; lastKnownFileType = image.jpeg; path = nssl0045.jpg; sourceTree = "<group>"; };
		1EB0A8192C1791EF0015DFBB /* nssl0046.jpg */ = {isa = PBXFileReference; lastKnownFileType = image.jpeg; path = nssl0046.jpg; sourceTree = "<group>"; };
		1EB0A81A2C1791EF0015DFBB /* nssl0049.jpg */ = {isa = PBXFileReference; lastKnownFileType = image.jpeg; path = nssl0049.jpg; sourceTree = "<group>"; };
		1EB0A81B2C1791EF0015DFBB /* nssl0051.jpg */ = {isa = PBXFileReference; lastKnownFileType = image.jpeg; path = nssl0051.jpg; sourceTree = "<group>"; };
		1EB0A81C2C1791EF0015DFBB /* nssl0091.jpg */ = {isa = PBXFileReference; lastKnownFileType = image.jpeg; path = nssl0091.jpg; sourceTree = "<group>"; };
		1EB0A8282C1796820015DFBB /* DetailViewController.swift */ = {isa = PBXFileReference; lastKnownFileType = sourcecode.swift; path = DetailViewController.swift; sourceTree = "<group>"; };
/* End PBXFileReference section */

/* Begin PBXFrameworksBuildPhase section */
		1EB0A7F92C17919C0015DFBB /* Frameworks */ = {
			isa = PBXFrameworksBuildPhase;
			buildActionMask = 2147483647;
			files = (
			);
			runOnlyForDeploymentPostprocessing = 0;
		};
/* End PBXFrameworksBuildPhase section */

/* Begin PBXGroup section */
		1EB0A7F32C17919C0015DFBB = {
			isa = PBXGroup;
			children = (
				1EB0A7FE2C17919C0015DFBB /* hws-01 */,
				1EB0A7FD2C17919C0015DFBB /* Products */,
			);
			sourceTree = "<group>";
		};
		1EB0A7FD2C17919C0015DFBB /* Products */ = {
			isa = PBXGroup;
			children = (
				1EB0A7FC2C17919C0015DFBB /* hws-01.app */,
			);
			name = Products;
			sourceTree = "<group>";
		};
		1EB0A7FE2C17919C0015DFBB /* hws-01 */ = {
			isa = PBXGroup;
			children = (
				1EB0A7FF2C17919C0015DFBB /* AppDelegate.swift */,
				1EB0A8012C17919C0015DFBB /* SceneDelegate.swift */,
				1EB0A8032C17919C0015DFBB /* ViewController.swift */,
				1EB0A8282C1796820015DFBB /* DetailViewController.swift */,
				1EB0A8052C17919C0015DFBB /* Main.storyboard */,
				1EB0A8082C17919F0015DFBB /* Assets.xcassets */,
				1EB0A80A2C17919F0015DFBB /* LaunchScreen.storyboard */,
				1EB0A80D2C17919F0015DFBB /* Info.plist */,
				1EB0A81D2C1791EF0015DFBB /* Content */,
			);
			path = "hws-01";
			sourceTree = "<group>";
		};
		1EB0A81D2C1791EF0015DFBB /* Content */ = {
			isa = PBXGroup;
			children = (
				1EB0A8132C1791EF0015DFBB /* nssl0033.jpg */,
				1EB0A8142C1791EF0015DFBB /* nssl0034.jpg */,
				1EB0A8152C1791EF0015DFBB /* nssl0041.jpg */,
				1EB0A8162C1791EF0015DFBB /* nssl0042.jpg */,
				1EB0A8172C1791EF0015DFBB /* nssl0043.jpg */,
				1EB0A8182C1791EF0015DFBB /* nssl0045.jpg */,
				1EB0A8192C1791EF0015DFBB /* nssl0046.jpg */,
				1EB0A81A2C1791EF0015DFBB /* nssl0049.jpg */,
				1EB0A81B2C1791EF0015DFBB /* nssl0051.jpg */,
				1EB0A81C2C1791EF0015DFBB /* nssl0091.jpg */,
			);
			path = Content;
			sourceTree = "<group>";
		};
/* End PBXGroup section */

/* Begin PBXNativeTarget section */
		1EB0A7FB2C17919C0015DFBB /* hws-01 */ = {
			isa = PBXNativeTarget;
			buildConfigurationList = 1EB0A8102C17919F0015DFBB /* Build configuration list for PBXNativeTarget "hws-01" */;
			buildPhases = (
				1EB0A7F82C17919C0015DFBB /* Sources */,
				1EB0A7F92C17919C0015DFBB /* Frameworks */,
				1EB0A7FA2C17919C0015DFBB /* Resources */,
			);
			buildRules = (
			);
			dependencies = (
			);
			name = "hws-01";
			productName = "hws-01";
			productReference = 1EB0A7FC2C17919C0015DFBB /* hws-01.app */;
			productType = "com.apple.product-type.application";
		};
/* End PBXNativeTarget section */

/* Begin PBXProject section */
		1EB0A7F42C17919C0015DFBB /* Project object */ = {
			isa = PBXProject;
			attributes = {
				BuildIndependentTargetsInParallel = 1;
				LastSwiftUpdateCheck = 1540;
				LastUpgradeCheck = 1540;
				TargetAttributes = {
					1EB0A7FB2C17919C0015DFBB = {
						CreatedOnToolsVersion = 15.4;
					};
				};
			};
			buildConfigurationList = 1EB0A7F72C17919C0015DFBB /* Build configuration list for PBXProject "hws-01" */;
			compatibilityVersion = "Xcode 14.0";
			developmentRegion = en;
			hasScannedForEncodings = 0;
			knownRegions = (
				en,
				Base,
			);
			mainGroup = 1EB0A7F32C17919C0015DFBB;
			productRefGroup = 1EB0A7FD2C17919C0015DFBB /* Products */;
			projectDirPath = "";
			projectRoot = "";
			targets = (
				1EB0A7FB2C17919C0015DFBB /* hws-01 */,
			);
		};
/* End PBXProject section */

/* Begin PBXResourcesBuildPhase section */
		1EB0A7FA2C17919C0015DFBB /* Resources */ = {
			isa = PBXResourcesBuildPhase;
			buildActionMask = 2147483647;
			files = (
				1EB0A81F2C1791EF0015DFBB /* nssl0034.jpg in Resources */,
				1EB0A8262C1791EF0015DFBB /* nssl0051.jpg in Resources */,
				1EB0A8092C17919F0015DFBB /* Assets.xcassets in Resources */,
				1EB0A8222C1791EF0015DFBB /* nssl0043.jpg in Resources */,
				1EB0A81E2C1791EF0015DFBB /* nssl0033.jpg in Resources */,
				1EB0A8232C1791EF0015DFBB /* nssl0045.jpg in Resources */,
				1EB0A8242C1791EF0015DFBB /* nssl0046.jpg in Resources */,
				1EB0A8252C1791EF0015DFBB /* nssl0049.jpg in Resources */,
				1EB0A8212C1791EF0015DFBB /* nssl0042.jpg in Resources */,
				1EB0A80C2C17919F0015DFBB /* Base in Resources */,
				1EB0A8272C1791EF0015DFBB /* nssl0091.jpg in Resources */,
				1EB0A8202C1791EF0015DFBB /* nssl0041.jpg in Resources */,
				1EB0A8072C17919C0015DFBB /* Base in Resources */,
			);
			runOnlyForDeploymentPostprocessing = 0;
		};
/* End PBXResourcesBuildPhase section */

/* Begin PBXSourcesBuildPhase section */
		1EB0A7F82C17919C0015DFBB /* Sources */ = {
			isa = PBXSourcesBuildPhase;
			buildActionMask = 2147483647;
			files = (
				1EB0A8042C17919C0015DFBB /* ViewController.swift in Sources */,
				1EB0A8002C17919C0015DFBB /* AppDelegate.swift in Sources */,
				1EB0A8022C17919C0015DFBB /* SceneDelegate.swift in Sources */,
				1EB0A8292C1796820015DFBB /* DetailViewController.swift in Sources */,
			);
			runOnlyForDeploymentPostprocessing = 0;
		};
/* End PBXSourcesBuildPhase section */

/* Begin PBXVariantGroup section */
		1EB0A8052C17919C0015DFBB /* Main.storyboard */ = {
			isa = PBXVariantGroup;
			children = (
				1EB0A8062C17919C0015DFBB /* Base */,
			);
			name = Main.storyboard;
			sourceTree = "<group>";
		};
		1EB0A80A2C17919F0015DFBB /* LaunchScreen.storyboard */ = {
			isa = PBXVariantGroup;
			children = (
				1EB0A80B2C17919F0015DFBB /* Base */,
			);
			name = LaunchScreen.storyboard;
			sourceTree = "<group>";
		};
/* End PBXVariantGroup section */

/* Begin XCBuildConfiguration section */
		1EB0A80E2C17919F0015DFBB /* Debug */ = {
			isa = XCBuildConfiguration;
			buildSettings = {
				ALWAYS_SEARCH_USER_PATHS = NO;
				ASSETCATALOG_COMPILER_GENERATE_SWIFT_ASSET_SYMBOL_EXTENSIONS = YES;
				CLANG_ANALYZER_NONNULL = YES;
				CLANG_ANALYZER_NUMBER_OBJECT_CONVERSION = YES_AGGRESSIVE;
				CLANG_CXX_LANGUAGE_STANDARD = "gnu++20";
				CLANG_ENABLE_MODULES = YES;
				CLANG_ENABLE_OBJC_ARC = YES;
				CLANG_ENABLE_OBJC_WEAK = YES;
				CLANG_WARN_BLOCK_CAPTURE_AUTORELEASING = YES;
				CLANG_WARN_BOOL_CONVERSION = YES;
				CLANG_WARN_COMMA = YES;
				CLANG_WARN_CONSTANT_CONVERSION = YES;
				CLANG_WARN_DEPRECATED_OBJC_IMPLEMENTATIONS = YES;
				CLANG_WARN_DIRECT_OBJC_ISA_USAGE = YES_ERROR;
				CLANG_WARN_DOCUMENTATION_COMMENTS = YES;
				CLANG_WARN_EMPTY_BODY = YES;
				CLANG_WARN_ENUM_CONVERSION = YES;
				CLANG_WARN_INFINITE_RECURSION = YES;
				CLANG_WARN_INT_CONVERSION = YES;
				CLANG_WARN_NON_LITERAL_NULL_CONVERSION = YES;
				CLANG_WARN_OBJC_IMPLICIT_RETAIN_SELF = YES;
				CLANG_WARN_OBJC_LITERAL_CONVERSION = YES;
				CLANG_WARN_OBJC_ROOT_CLASS = YES_ERROR;
				CLANG_WARN_QUOTED_INCLUDE_IN_FRAMEWORK_HEADER = YES;
				CLANG_WARN_RANGE_LOOP_ANALYSIS = YES;
				CLANG_WARN_STRICT_PROTOTYPES = YES;
				CLANG_WARN_SUSPICIOUS_MOVE = YES;
				CLANG_WARN_UNGUARDED_AVAILABILITY = YES_AGGRESSIVE;
				CLANG_WARN_UNREACHABLE_CODE = YES;
				CLANG_WARN__DUPLICATE_METHOD_MATCH = YES;
				COPY_PHASE_STRIP = NO;
				DEBUG_INFORMATION_FORMAT = dwarf;
				ENABLE_STRICT_OBJC_MSGSEND = YES;
				ENABLE_TESTABILITY = YES;
				ENABLE_USER_SCRIPT_SANDBOXING = YES;
				GCC_C_LANGUAGE_STANDARD = gnu17;
				GCC_DYNAMIC_NO_PIC = NO;
				GCC_NO_COMMON_BLOCKS = YES;
				GCC_OPTIMIZATION_LEVEL = 0;
				GCC_PREPROCESSOR_DEFINITIONS = (
					"DEBUG=1",
					"$(inherited)",
				);
				GCC_WARN_64_TO_32_BIT_CONVERSION = YES;
				GCC_WARN_ABOUT_RETURN_TYPE = YES_ERROR;
				GCC_WARN_UNDECLARED_SELECTOR = YES;
				GCC_WARN_UNINITIALIZED_AUTOS = YES_AGGRESSIVE;
				GCC_WARN_UNUSED_FUNCTION = YES;
				GCC_WARN_UNUSED_VARIABLE = YES;
				IPHONEOS_DEPLOYMENT_TARGET = 17.5;
				LOCALIZATION_PREFERS_STRING_CATALOGS = YES;
				MTL_ENABLE_DEBUG_INFO = INCLUDE_SOURCE;
				MTL_FAST_MATH = YES;
				ONLY_ACTIVE_ARCH = YES;
				SDKROOT = iphoneos;
				SWIFT_ACTIVE_COMPILATION_CONDITIONS = "DEBUG $(inherited)";
				SWIFT_OPTIMIZATION_LEVEL = "-Onone";
			};
			name = Debug;
		};
		1EB0A80F2C17919F0015DFBB /* Release */ = {
			isa = XCBuildConfiguration;
			buildSettings = {
				ALWAYS_SEARCH_USER_PATHS = NO;
				ASSETCATALOG_COMPILER_GENERATE_SWIFT_ASSET_SYMBOL_EXTENSIONS = YES;
				CLANG_ANALYZER_NONNULL = YES;
				CLANG_ANALYZER_NUMBER_OBJECT_CONVERSION = YES_AGGRESSIVE;
				CLANG_CXX_LANGUAGE_STANDARD = "gnu++20";
				CLANG_ENABLE_MODULES = YES;
				CLANG_ENABLE_OBJC_ARC = YES;
				CLANG_ENABLE_OBJC_WEAK = YES;
				CLANG_WARN_BLOCK_CAPTURE_AUTORELEASING = YES;
				CLANG_WARN_BOOL_CONVERSION = YES;
				CLANG_WARN_COMMA = YES;
				CLANG_WARN_CONSTANT_CONVERSION = YES;
				CLANG_WARN_DEPRECATED_OBJC_IMPLEMENTATIONS = YES;
				CLANG_WARN_DIRECT_OBJC_ISA_USAGE = YES_ERROR;
				CLANG_WARN_DOCUMENTATION_COMMENTS = YES;
				CLANG_WARN_EMPTY_BODY = YES;
				CLANG_WARN_ENUM_CONVERSION = YES;
				CLANG_WARN_INFINITE_RECURSION = YES;
				CLANG_WARN_INT_CONVERSION = YES;
				CLANG_WARN_NON_LITERAL_NULL_CONVERSION = YES;
				CLANG_WARN_OBJC_IMPLICIT_RETAIN_SELF = YES;
				CLANG_WARN_OBJC_LITERAL_CONVERSION = YES;
				CLANG_WARN_OBJC_ROOT_CLASS = YES_ERROR;
				CLANG_WARN_QUOTED_INCLUDE_IN_FRAMEWORK_HEADER = YES;
				CLANG_WARN_RANGE_LOOP_ANALYSIS = YES;
				CLANG_WARN_STRICT_PROTOTYPES = YES;
				CLANG_WARN_SUSPICIOUS_MOVE = YES;
				CLANG_WARN_UNGUARDED_AVAILABILITY = YES_AGGRESSIVE;
				CLANG_WARN_UNREACHABLE_CODE = YES;
				CLANG_WARN__DUPLICATE_METHOD_MATCH = YES;
				COPY_PHASE_STRIP = NO;
				DEBUG_INFORMATION_FORMAT = "dwarf-with-dsym";
				ENABLE_NS_ASSERTIONS = NO;
				ENABLE_STRICT_OBJC_MSGSEND = YES;
				ENABLE_USER_SCRIPT_SANDBOXING = YES;
				GCC_C_LANGUAGE_STANDARD = gnu17;
				GCC_NO_COMMON_BLOCKS = YES;
				GCC_WARN_64_TO_32_BIT_CONVERSION = YES;
				GCC_WARN_ABOUT_RETURN_TYPE = YES_ERROR;
				GCC_WARN_UNDECLARED_SELECTOR = YES;
				GCC_WARN_UNINITIALIZED_AUTOS = YES_AGGRESSIVE;
				GCC_WARN_UNUSED_FUNCTION = YES;
				GCC_WARN_UNUSED_VARIABLE = YES;
				IPHONEOS_DEPLOYMENT_TARGET = 17.5;
				LOCALIZATION_PREFERS_STRING_CATALOGS = YES;
				MTL_ENABLE_DEBUG_INFO = NO;
				MTL_FAST_MATH = YES;
				SDKROOT = iphoneos;
				SWIFT_COMPILATION_MODE = wholemodule;
				VALIDATE_PRODUCT = YES;
			};
			name = Release;
		};
		1EB0A8112C17919F0015DFBB /* Debug */ = {
			isa = XCBuildConfiguration;
			buildSettings = {
				ASSETCATALOG_COMPILER_APPICON_NAME = AppIcon;
				ASSETCATALOG_COMPILER_GLOBAL_ACCENT_COLOR_NAME = AccentColor;
				CODE_SIGN_STYLE = Automatic;
				CURRENT_PROJECT_VERSION = 1;
				DEVELOPMENT_TEAM = DGM8K9ARR5;
				GENERATE_INFOPLIST_FILE = YES;
				INFOPLIST_FILE = "hws-01/Info.plist";
				INFOPLIST_KEY_UIApplicationSupportsIndirectInputEvents = YES;
				INFOPLIST_KEY_UILaunchStoryboardName = LaunchScreen;
				INFOPLIST_KEY_UIMainStoryboardFile = Main;
				INFOPLIST_KEY_UISupportedInterfaceOrientations_iPad = "UIInterfaceOrientationPortrait UIInterfaceOrientationPortraitUpsideDown UIInterfaceOrientationLandscapeLeft UIInterfaceOrientationLandscapeRight";
				INFOPLIST_KEY_UISupportedInterfaceOrientations_iPhone = "UIInterfaceOrientationPortrait UIInterfaceOrientationLandscapeLeft UIInterfaceOrientationLandscapeRight";
				LD_RUNPATH_SEARCH_PATHS = (
					"$(inherited)",
					"@executable_path/Frameworks",
				);
				MARKETING_VERSION = 1.0;
				PRODUCT_BUNDLE_IDENTIFIER = "lebmich.hws-01";
				PRODUCT_NAME = "$(TARGET_NAME)";
				SWIFT_EMIT_LOC_STRINGS = YES;
				SWIFT_VERSION = 5.0;
				TARGETED_DEVICE_FAMILY = "1,2";
			};
			name = Debug;
		};
		1EB0A8122C17919F0015DFBB /* Release */ = {
			isa = XCBuildConfiguration;
			buildSettings = {
				ASSETCATALOG_COMPILER_APPICON_NAME = AppIcon;
				ASSETCATALOG_COMPILER_GLOBAL_ACCENT_COLOR_NAME = AccentColor;
				CODE_SIGN_STYLE = Automatic;
				CURRENT_PROJECT_VERSION = 1;
				DEVELOPMENT_TEAM = DGM8K9ARR5;
				GENERATE_INFOPLIST_FILE = YES;
				INFOPLIST_FILE = "hws-01/Info.plist";
				INFOPLIST_KEY_UIApplicationSupportsIndirectInputEvents = YES;
				INFOPLIST_KEY_UILaunchStoryboardName = LaunchScreen;
				INFOPLIST_KEY_UIMainStoryboardFile = Main;
				INFOPLIST_KEY_UISupportedInterfaceOrientations_iPad = "UIInterfaceOrientationPortrait UIInterfaceOrientationPortraitUpsideDown UIInterfaceOrientationLandscapeLeft UIInterfaceOrientationLandscapeRight";
				INFOPLIST_KEY_UISupportedInterfaceOrientations_iPhone = "UIInterfaceOrientationPortrait UIInterfaceOrientationLandscapeLeft UIInterfaceOrientationLandscapeRight";
				LD_RUNPATH_SEARCH_PATHS = (
					"$(inherited)",
					"@executable_path/Frameworks",
				);
				MARKETING_VERSION = 1.0;
				PRODUCT_BUNDLE_IDENTIFIER = "lebmich.hws-01";
				PRODUCT_NAME = "$(TARGET_NAME)";
				SWIFT_EMIT_LOC_STRINGS = YES;
				SWIFT_VERSION = 5.0;
				TARGETED_DEVICE_FAMILY = "1,2";
			};
			name = Release;
		};
/* End XCBuildConfiguration section */

/* Begin XCConfigurationList section */
		1EB0A7F72C17919C0015DFBB /* Build configuration list for PBXProject "hws-01" */ = {
			isa = XCConfigurationList;
			buildConfigurations = (
				1EB0A80E2C17919F0015DFBB /* Debug */,
				1EB0A80F2C17919F0015DFBB /* Release */,
			);
			defaultConfigurationIsVisible = 0;
			defaultConfigurationName = Release;
		};
		1EB0A8102C17919F0015DFBB /* Build configuration list for PBXNativeTarget "hws-01" */ = {
			isa = XCConfigurationList;
			buildConfigurations = (
				1EB0A8112C17919F0015DFBB /* Debug */,
				1EB0A8122C17919F0015DFBB /* Release */,
			);
			defaultConfigurationIsVisible = 0;
			defaultConfigurationName = Release;
		};
/* End XCConfigurationList section */
	};
	rootObject = 1EB0A7F42C17919C0015DFBB /* Project object */;
}
